
Microsoft Visual Studio Solution File, Format Version 12.00
# Visual Studio 14
VisualStudioVersion = 14.0.23107.0
MinimumVisualStudioVersion = 10.0.40219.1
Project("{FAE04EC0-301F-11D3-BF4B-00C04F79EFBC}") = "MinotaurEscape", "MinotaurEscape.csproj", "{9DA37AA9-9B25-476E-866F-270D6B78EAD2}"
EndProject
Project("{F088123C-0E9E-452A-89E6-6BA2F21D5CAC}") = "Architecture", "..\Architecture\Architecture.modelproj", "{1A086ED6-4731-4C48-B08E-A4FA0B8DAF83}"
EndProject
Project("{FAE04EC0-301F-11D3-BF4B-00C04F79EFBC}") = "ExternalTool", "ExternalTool\ExternalTool.csproj", "{D68DC0E2-4568-4792-9CC5-03A85C33EB10}"
EndProject
Project("{FAE04EC0-301F-11D3-BF4B-00C04F79EFBC}") = "MinoutarLib", "..\MinoutarLib\MinoutarLib.csproj", "{64F74542-E55B-4463-B05C-3665B0D01995}"
EndProject
Global
	GlobalSection(SolutionConfigurationPlatforms) = preSolution
		Debug|Any CPU = Debug|Any CPU
		Debug|x86 = Debug|x86
		Release|Any CPU = Release|Any CPU
		Release|x86 = Release|x86
	EndGlobalSection
	GlobalSection(ProjectConfigurationPlatforms) = postSolution
		{9DA37AA9-9B25-476E-866F-270D6B78EAD2}.Debug|Any CPU.ActiveCfg = Debug|x86
		{9DA37AA9-9B25-476E-866F-270D6B78EAD2}.Debug|x86.ActiveCfg = Debug|x86
		{9DA37AA9-9B25-476E-866F-270D6B78EAD2}.Debug|x86.Build.0 = Debug|x86
		{9DA37AA9-9B25-476E-866F-270D6B78EAD2}.Release|Any CPU.ActiveCfg = Release|x86
		{9DA37AA9-9B25-476E-866F-270D6B78EAD2}.Release|x86.ActiveCfg = Release|x86
		{9DA37AA9-9B25-476E-866F-270D6B78EAD2}.Release|x86.Build.0 = Release|x86
		{1A086ED6-4731-4C48-B08E-A4FA0B8DAF83}.Debug|Any CPU.ActiveCfg = Debug|Any CPU
		{1A086ED6-4731-4C48-B08E-A4FA0B8DAF83}.Debug|Any CPU.Build.0 = Debug|Any CPU
		{1A086ED6-4731-4C48-B08E-A4FA0B8DAF83}.Debug|x86.ActiveCfg = Debug|Any CPU
		{1A086ED6-4731-4C48-B08E-A4FA0B8DAF83}.Debug|x86.Build.0 = Debug|Any CPU
		{1A086ED6-4731-4C48-B08E-A4FA0B8DAF83}.Release|Any CPU.ActiveCfg = Release|Any CPU
		{1A086ED6-4731-4C48-B08E-A4FA0B8DAF83}.Release|Any CPU.Build.0 = Release|Any CPU
		{1A086ED6-4731-4C48-B08E-A4FA0B8DAF83}.Release|x86.ActiveCfg = Release|Any CPU
		{1A086ED6-4731-4C48-B08E-A4FA0B8DAF83}.Release|x86.Build.0 = Release|Any CPU
		{D68DC0E2-4568-4792-9CC5-03A85C33EB10}.Debug|Any CPU.ActiveCfg = Debug|Any CPU
		{D68DC0E2-4568-4792-9CC5-03A85C33EB10}.Debug|Any CPU.Build.0 = Debug|Any CPU
		{D68DC0E2-4568-4792-9CC5-03A85C33EB10}.Debug|x86.ActiveCfg = Debug|Any CPU
		{D68DC0E2-4568-4792-9CC5-03A85C33EB10}.Debug|x86.Build.0 = Debug|Any CPU
		{D68DC0E2-4568-4792-9CC5-03A85C33EB10}.Release|Any CPU.ActiveCfg = Release|Any CPU
		{D68DC0E2-4568-4792-9CC5-03A85C33EB10}.Release|Any CPU.Build.0 = Release|Any CPU
		{D68DC0E2-4568-4792-9CC5-03A85C33EB10}.Release|x86.ActiveCfg = Release|Any CPU
		{D68DC0E2-4568-4792-9CC5-03A85C33EB10}.Release|x86.Build.0 = Release|Any CPU
		{64F74542-E55B-4463-B05C-3665B0D01995}.Debug|Any CPU.ActiveCfg = Debug|Any CPU
		{64F74542-E55B-4463-B05C-3665B0D01995}.Debug|Any CPU.Build.0 = Debug|Any CPU
		{64F74542-E55B-4463-B05C-3665B0D01995}.Debug|x86.ActiveCfg = Debug|Any CPU
		{64F74542-E55B-4463-B05C-3665B0D01995}.Debug|x86.Build.0 = Debug|Any CPU
		{64F74542-E55B-4463-B05C-3665B0D01995}.Release|Any CPU.ActiveCfg = Release|Any CPU
		{64F74542-E55B-4463-B05C-3665B0D01995}.Release|Any CPU.Build.0 = Release|Any CPU
		{64F74542-E55B-4463-B05C-3665B0D01995}.Release|x86.ActiveCfg = Release|Any CPU
		{64F74542-E55B-4463-B05C-3665B0D01995}.Release|x86.Build.0 = Release|Any CPU
	EndGlobalSection
	GlobalSection(SolutionProperties) = preSolution
		HideSolutionNode = FALSE
	EndGlobalSection
EndGlobal
